// !$*UTF8*$!
{
	archiveVersion = 1;
	classes = {
	};
	objectVersion = 50;
	objects = {

/* Begin PBXBuildFile section */
		00DFEAFF25A3F8850067BEAC /* AppDelegate.swift in Sources */ = {isa = PBXBuildFile; fileRef = 00DFEAFE25A3F8850067BEAC /* AppDelegate.swift */; };
		00DFEB0125A3F8850067BEAC /* SceneDelegate.swift in Sources */ = {isa = PBXBuildFile; fileRef = 00DFEB0025A3F8850067BEAC /* SceneDelegate.swift */; };
		00DFEB0325A3F8850067BEAC /* ViewController.swift in Sources */ = {isa = PBXBuildFile; fileRef = 00DFEB0225A3F8850067BEAC /* ViewController.swift */; };
		00DFEB0625A3F8850067BEAC /* Main.storyboard in Resources */ = {isa = PBXBuildFile; fileRef = 00DFEB0425A3F8850067BEAC /* Main.storyboard */; };
		00DFEB0925A3F8850067BEAC /* Calculator.xcdatamodeld in Sources */ = {isa = PBXBuildFile; fileRef = 00DFEB0725A3F8850067BEAC /* Calculator.xcdatamodeld */; };
		00DFEB0B25A3F8870067BEAC /* Assets.xcassets in Resources */ = {isa = PBXBuildFile; fileRef = 00DFEB0A25A3F8870067BEAC /* Assets.xcassets */; };
		00DFEB0E25A3F8870067BEAC /* LaunchScreen.storyboard in Resources */ = {isa = PBXBuildFile; fileRef = 00DFEB0C25A3F8870067BEAC /* LaunchScreen.storyboard */; };
		00DFEB1925A3F8870067BEAC /* CalculatorTests.swift in Sources */ = {isa = PBXBuildFile; fileRef = 00DFEB1825A3F8870067BEAC /* CalculatorTests.swift */; };
		00DFEB2425A3F8870067BEAC /* CalculatorUITests.swift in Sources */ = {isa = PBXBuildFile; fileRef = 00DFEB2325A3F8870067BEAC /* CalculatorUITests.swift */; };
/* End PBXBuildFile section */

/* Begin PBXContainerItemProxy section */
		00DFEB1525A3F8870067BEAC /* PBXContainerItemProxy */ = {
			isa = PBXContainerItemProxy;
			containerPortal = 00DFEAF325A3F8850067BEAC /* Project object */;
			proxyType = 1;
			remoteGlobalIDString = 00DFEAFA25A3F8850067BEAC;
			remoteInfo = Calculator;
		};
		00DFEB2025A3F8870067BEAC /* PBXContainerItemProxy */ = {
			isa = PBXContainerItemProxy;
			containerPortal = 00DFEAF325A3F8850067BEAC /* Project object */;
			proxyType = 1;
			remoteGlobalIDString = 00DFEAFA25A3F8850067BEAC;
			remoteInfo = Calculator;
		};
/* End PBXContainerItemProxy section */

/* Begin PBXFileReference section */
		00DFEAFB25A3F8850067BEAC /* Calculator.app */ = {isa = PBXFileReference; explicitFileType = wrapper.application; includeInIndex = 0; path = Calculator.app; sourceTree = BUILT_PRODUCTS_DIR; };
		00DFEAFE25A3F8850067BEAC /* AppDelegate.swift */ = {isa = PBXFileReference; lastKnownFileType = sourcecode.swift; path = AppDelegate.swift; sourceTree = "<group>"; };
		00DFEB0025A3F8850067BEAC /* SceneDelegate.swift */ = {isa = PBXFileReference; lastKnownFileType = sourcecode.swift; path = SceneDelegate.swift; sourceTree = "<group>"; };
		00DFEB0225A3F8850067BEAC /* ViewController.swift */ = {isa = PBXFileReference; lastKnownFileType = sourcecode.swift; path = ViewController.swift; sourceTree = "<group>"; };
		00DFEB0525A3F8850067BEAC /* Base */ = {isa = PBXFileReference; lastKnownFileType = file.storyboard; name = Base; path = Base.lproj/Main.storyboard; sourceTree = "<group>"; };
		00DFEB0825A3F8850067BEAC /* Calculator.xcdatamodel */ = {isa = PBXFileReference; lastKnownFileType = wrapper.xcdatamodel; path = Calculator.xcdatamodel; sourceTree = "<group>"; };
		00DFEB0A25A3F8870067BEAC /* Assets.xcassets */ = {isa = PBXFileReference; lastKnownFileType = folder.assetcatalog; path = Assets.xcassets; sourceTree = "<group>"; };
		00DFEB0D25A3F8870067BEAC /* Base */ = {isa = PBXFileReference; lastKnownFileType = file.storyboard; name = Base; path = Base.lproj/LaunchScreen.storyboard; sourceTree = "<group>"; };
		00DFEB0F25A3F8870067BEAC /* Info.plist */ = {isa = PBXFileReference; lastKnownFileType = text.plist.xml; path = Info.plist; sourceTree = "<group>"; };
		00DFEB1425A3F8870067BEAC /* CalculatorTests.xctest */ = {isa = PBXFileReference; explicitFileType = wrapper.cfbundle; includeInIndex = 0; path = CalculatorTests.xctest; sourceTree = BUILT_PRODUCTS_DIR; };
		00DFEB1825A3F8870067BEAC /* CalculatorTests.swift */ = {isa = PBXFileReference; lastKnownFileType = sourcecode.swift; path = CalculatorTests.swift; sourceTree = "<group>"; };
		00DFEB1A25A3F8870067BEAC /* Info.plist */ = {isa = PBXFileReference; lastKnownFileType = text.plist.xml; path = Info.plist; sourceTree = "<group>"; };
		00DFEB1F25A3F8870067BEAC /* CalculatorUITests.xctest */ = {isa = PBXFileReference; explicitFileType = wrapper.cfbundle; includeInIndex = 0; path = CalculatorUITests.xctest; sourceTree = BUILT_PRODUCTS_DIR; };
		00DFEB2325A3F8870067BEAC /* CalculatorUITests.swift */ = {isa = PBXFileReference; lastKnownFileType = sourcecode.swift; path = CalculatorUITests.swift; sourceTree = "<group>"; };
		00DFEB2525A3F8870067BEAC /* Info.plist */ = {isa = PBXFileReference; lastKnownFileType = text.plist.xml; path = Info.plist; sourceTree = "<group>"; };
/* End PBXFileReference section */

/* Begin PBXFrameworksBuildPhase section */
		00DFEAF825A3F8850067BEAC /* Frameworks */ = {
			isa = PBXFrameworksBuildPhase;
			buildActionMask = 2147483647;
			files = (
			);
			runOnlyForDeploymentPostprocessing = 0;
		};
		00DFEB1125A3F8870067BEAC /* Frameworks */ = {
			isa = PBXFrameworksBuildPhase;
			buildActionMask = 2147483647;
			files = (
			);
			runOnlyForDeploymentPostprocessing = 0;
		};
		00DFEB1C25A3F8870067BEAC /* Frameworks */ = {
			isa = PBXFrameworksBuildPhase;
			buildActionMask = 2147483647;
			files = (
			);
			runOnlyForDeploymentPostprocessing = 0;
		};
/* End PBXFrameworksBuildPhase section */

/* Begin PBXGroup section */
		00DFEAF225A3F8850067BEAC = {
			isa = PBXGroup;
			children = (
				00DFEAFD25A3F8850067BEAC /* Calculator */,
				00DFEB1725A3F8870067BEAC /* CalculatorTests */,
				00DFEB2225A3F8870067BEAC /* CalculatorUITests */,
				00DFEAFC25A3F8850067BEAC /* Products */,
			);
			sourceTree = "<group>";
		};
		00DFEAFC25A3F8850067BEAC /* Products */ = {
			isa = PBXGroup;
			children = (
				00DFEAFB25A3F8850067BEAC /* Calculator.app */,
				00DFEB1425A3F8870067BEAC /* CalculatorTests.xctest */,
				00DFEB1F25A3F8870067BEAC /* CalculatorUITests.xctest */,
			);
			name = Products;
			sourceTree = "<group>";
		};
		00DFEAFD25A3F8850067BEAC /* Calculator */ = {
			isa = PBXGroup;
			children = (
				00DFEAFE25A3F8850067BEAC /* AppDelegate.swift */,
				00DFEB0025A3F8850067BEAC /* SceneDelegate.swift */,
				00DFEB0225A3F8850067BEAC /* ViewController.swift */,
				00DFEB0425A3F8850067BEAC /* Main.storyboard */,
				00DFEB0A25A3F8870067BEAC /* Assets.xcassets */,
				00DFEB0C25A3F8870067BEAC /* LaunchScreen.storyboard */,
				00DFEB0F25A3F8870067BEAC /* Info.plist */,
				00DFEB0725A3F8850067BEAC /* Calculator.xcdatamodeld */,
			);
			path = Calculator;
			sourceTree = "<group>";
		};
		00DFEB1725A3F8870067BEAC /* CalculatorTests */ = {
			isa = PBXGroup;
			children = (
				00DFEB1825A3F8870067BEAC /* CalculatorTests.swift */,
				00DFEB1A25A3F8870067BEAC /* Info.plist */,
			);
			path = CalculatorTests;
			sourceTree = "<group>";
		};
		00DFEB2225A3F8870067BEAC /* CalculatorUITests */ = {
			isa = PBXGroup;
			children = (
				00DFEB2325A3F8870067BEAC /* CalculatorUITests.swift */,
				00DFEB2525A3F8870067BEAC /* Info.plist */,
			);
			path = CalculatorUITests;
			sourceTree = "<group>";
		};
/* End PBXGroup section */

/* Begin PBXNativeTarget section */
		00DFEAFA25A3F8850067BEAC /* Calculator */ = {
			isa = PBXNativeTarget;
			buildConfigurationList = 00DFEB2825A3F8870067BEAC /* Build configuration list for PBXNativeTarget "Calculator" */;
			buildPhases = (
				00DFEAF725A3F8850067BEAC /* Sources */,
				00DFEAF825A3F8850067BEAC /* Frameworks */,
				00DFEAF925A3F8850067BEAC /* Resources */,
			);
			buildRules = (
			);
			dependencies = (
			);
			name = Calculator;
			productName = Calculator;
			productReference = 00DFEAFB25A3F8850067BEAC /* Calculator.app */;
			productType = "com.apple.product-type.application";
		};
		00DFEB1325A3F8870067BEAC /* CalculatorTests */ = {
			isa = PBXNativeTarget;
			buildConfigurationList = 00DFEB2B25A3F8870067BEAC /* Build configuration list for PBXNativeTarget "CalculatorTests" */;
			buildPhases = (
				00DFEB1025A3F8870067BEAC /* Sources */,
				00DFEB1125A3F8870067BEAC /* Frameworks */,
				00DFEB1225A3F8870067BEAC /* Resources */,
			);
			buildRules = (
			);
			dependencies = (
				00DFEB1625A3F8870067BEAC /* PBXTargetDependency */,
			);
			name = CalculatorTests;
			productName = CalculatorTests;
			productReference = 00DFEB1425A3F8870067BEAC /* CalculatorTests.xctest */;
			productType = "com.apple.product-type.bundle.unit-test";
		};
		00DFEB1E25A3F8870067BEAC /* CalculatorUITests */ = {
			isa = PBXNativeTarget;
			buildConfigurationList = 00DFEB2E25A3F8870067BEAC /* Build configuration list for PBXNativeTarget "CalculatorUITests" */;
			buildPhases = (
				00DFEB1B25A3F8870067BEAC /* Sources */,
				00DFEB1C25A3F8870067BEAC /* Frameworks */,
				00DFEB1D25A3F8870067BEAC /* Resources */,
			);
			buildRules = (
			);
			dependencies = (
				00DFEB2125A3F8870067BEAC /* PBXTargetDependency */,
			);
			name = CalculatorUITests;
			productName = CalculatorUITests;
			productReference = 00DFEB1F25A3F8870067BEAC /* CalculatorUITests.xctest */;
			productType = "com.apple.product-type.bundle.ui-testing";
		};
/* End PBXNativeTarget section */

/* Begin PBXProject section */
		00DFEAF325A3F8850067BEAC /* Project object */ = {
			isa = PBXProject;
			attributes = {
				LastSwiftUpdateCheck = 1230;
				LastUpgradeCheck = 1230;
				TargetAttributes = {
					00DFEAFA25A3F8850067BEAC = {
						CreatedOnToolsVersion = 12.3;
					};
					00DFEB1325A3F8870067BEAC = {
						CreatedOnToolsVersion = 12.3;
						TestTargetID = 00DFEAFA25A3F8850067BEAC;
					};
					00DFEB1E25A3F8870067BEAC = {
						CreatedOnToolsVersion = 12.3;
						TestTargetID = 00DFEAFA25A3F8850067BEAC;
					};
				};
			};
			buildConfigurationList = 00DFEAF625A3F8850067BEAC /* Build configuration list for PBXProject "Calculator" */;
			compatibilityVersion = "Xcode 9.3";
			developmentRegion = en;
			hasScannedForEncodings = 0;
			knownRegions = (
				en,
				Base,
			);
			mainGroup = 00DFEAF225A3F8850067BEAC;
			productRefGroup = 00DFEAFC25A3F8850067BEAC /* Products */;
			projectDirPath = "";
			projectRoot = "";
			targets = (
				00DFEAFA25A3F8850067BEAC /* Calculator */,
				00DFEB1325A3F8870067BEAC /* CalculatorTests */,
				00DFEB1E25A3F8870067BEAC /* CalculatorUITests */,
			);
		};
/* End PBXProject section */

/* Begin PBXResourcesBuildPhase section */
		00DFEAF925A3F8850067BEAC /* Resources */ = {
			isa = PBXResourcesBuildPhase;
			buildActionMask = 2147483647;
			files = (
				00DFEB0E25A3F8870067BEAC /* LaunchScreen.storyboard in Resources */,
				00DFEB0B25A3F8870067BEAC /* Assets.xcassets in Resources */,
				00DFEB0625A3F8850067BEAC /* Main.storyboard in Resources */,
			);
			runOnlyForDeploymentPostprocessing = 0;
		};
		00DFEB1225A3F8870067BEAC /* Resources */ = {
			isa = PBXResourcesBuildPhase;
			buildActionMask = 2147483647;
			files = (
			);
			runOnlyForDeploymentPostprocessing = 0;
		};
		00DFEB1D25A3F8870067BEAC /* Resources */ = {
			isa = PBXResourcesBuildPhase;
			buildActionMask = 2147483647;
			files = (
			);
			runOnlyForDeploymentPostprocessing = 0;
		};
/* End PBXResourcesBuildPhase section */

/* Begin PBXSourcesBuildPhase section */
		00DFEAF725A3F8850067BEAC /* Sources */ = {
			isa = PBXSourcesBuildPhase;
			buildActionMask = 2147483647;
			files = (
				00DFEB0325A3F8850067BEAC /* ViewController.swift in Sources */,
				00DFEB0925A3F8850067BEAC /* Calculator.xcdatamodeld in Sources */,
				00DFEAFF25A3F8850067BEAC /* AppDelegate.swift in Sources */,
				00DFEB0125A3F8850067BEAC /* SceneDelegate.swift in Sources */,
			);
			runOnlyForDeploymentPostprocessing = 0;
		};
		00DFEB1025A3F8870067BEAC /* Sources */ = {
			isa = PBXSourcesBuildPhase;
			buildActionMask = 2147483647;
			files = (
				00DFEB1925A3F8870067BEAC /* CalculatorTests.swift in Sources */,
			);
			runOnlyForDeploymentPostprocessing = 0;
		};
		00DFEB1B25A3F8870067BEAC /* Sources */ = {
			isa = PBXSourcesBuildPhase;
			buildActionMask = 2147483647;
			files = (
				00DFEB2425A3F8870067BEAC /* CalculatorUITests.swift in Sources */,
			);
			runOnlyForDeploymentPostprocessing = 0;
		};
/* End PBXSourcesBuildPhase section */

/* Begin PBXTargetDependency section */
		00DFEB1625A3F8870067BEAC /* PBXTargetDependency */ = {
			isa = PBXTargetDependency;
			target = 00DFEAFA25A3F8850067BEAC /* Calculator */;
			targetProxy = 00DFEB1525A3F8870067BEAC /* PBXContainerItemProxy */;
		};
		00DFEB2125A3F8870067BEAC /* PBXTargetDependency */ = {
			isa = PBXTargetDependency;
			target = 00DFEAFA25A3F8850067BEAC /* Calculator */;
			targetProxy = 00DFEB2025A3F8870067BEAC /* PBXContainerItemProxy */;
		};
/* End PBXTargetDependency section */

/* Begin PBXVariantGroup section */
		00DFEB0425A3F8850067BEAC /* Main.storyboard */ = {
			isa = PBXVariantGroup;
			children = (
				00DFEB0525A3F8850067BEAC /* Base */,
			);
			name = Main.storyboard;
			sourceTree = "<group>";
		};
		00DFEB0C25A3F8870067BEAC /* LaunchScreen.storyboard */ = {
			isa = PBXVariantGroup;
			children = (
				00DFEB0D25A3F8870067BEAC /* Base */,
			);
			name = LaunchScreen.storyboard;
			sourceTree = "<group>";
		};
/* End PBXVariantGroup section */

/* Begin XCBuildConfiguration section */
		00DFEB2625A3F8870067BEAC /* Debug */ = {
			isa = XCBuildConfiguration;
			buildSettings = {
				ALWAYS_SEARCH_USER_PATHS = NO;
				CLANG_ANALYZER_NONNULL = YES;
				CLANG_ANALYZER_NUMBER_OBJECT_CONVERSION = YES_AGGRESSIVE;
				CLANG_CXX_LANGUAGE_STANDARD = "gnu++14";
				CLANG_CXX_LIBRARY = "libc++";
				CLANG_ENABLE_MODULES = YES;
				CLANG_ENABLE_OBJC_ARC = YES;
				CLANG_ENABLE_OBJC_WEAK = YES;
				CLANG_WARN_BLOCK_CAPTURE_AUTORELEASING = YES;
				CLANG_WARN_BOOL_CONVERSION = YES;
				CLANG_WARN_COMMA = YES;
				CLANG_WARN_CONSTANT_CONVERSION = YES;
				CLANG_WARN_DEPRECATED_OBJC_IMPLEMENTATIONS = YES;
				CLANG_WARN_DIRECT_OBJC_ISA_USAGE = YES_ERROR;
				CLANG_WARN_DOCUMENTATION_COMMENTS = YES;
				CLANG_WARN_EMPTY_BODY = YES;
				CLANG_WARN_ENUM_CONVERSION = YES;
				CLANG_WARN_INFINITE_RECURSION = YES;
				CLANG_WARN_INT_CONVERSION = YES;
				CLANG_WARN_NON_LITERAL_NULL_CONVERSION = YES;
				CLANG_WARN_OBJC_IMPLICIT_RETAIN_SELF = YES;
				CLANG_WARN_OBJC_LITERAL_CONVERSION = YES;
				CLANG_WARN_OBJC_ROOT_CLASS = YES_ERROR;
				CLANG_WARN_QUOTED_INCLUDE_IN_FRAMEWORK_HEADER = YES;
				CLANG_WARN_RANGE_LOOP_ANALYSIS = YES;
				CLANG_WARN_STRICT_PROTOTYPES = YES;
				CLANG_WARN_SUSPICIOUS_MOVE = YES;
				CLANG_WARN_UNGUARDED_AVAILABILITY = YES_AGGRESSIVE;
				CLANG_WARN_UNREACHABLE_CODE = YES;
				CLANG_WARN__DUPLICATE_METHOD_MATCH = YES;
				COPY_PHASE_STRIP = NO;
				DEBUG_INFORMATION_FORMAT = dwarf;
				ENABLE_STRICT_OBJC_MSGSEND = YES;
				ENABLE_TESTABILITY = YES;
				GCC_C_LANGUAGE_STANDARD = gnu11;
				GCC_DYNAMIC_NO_PIC = NO;
				GCC_NO_COMMON_BLOCKS = YES;
				GCC_OPTIMIZATION_LEVEL = 0;
				GCC_PREPROCESSOR_DEFINITIONS = (
					"DEBUG=1",
					"$(inherited)",
				);
				GCC_WARN_64_TO_32_BIT_CONVERSION = YES;
				GCC_WARN_ABOUT_RETURN_TYPE = YES_ERROR;
				GCC_WARN_UNDECLARED_SELECTOR = YES;
				GCC_WARN_UNINITIALIZED_AUTOS = YES_AGGRESSIVE;
				GCC_WARN_UNUSED_FUNCTION = YES;
				GCC_WARN_UNUSED_VARIABLE = YES;
				IPHONEOS_DEPLOYMENT_TARGET = 14.3;
				MTL_ENABLE_DEBUG_INFO = INCLUDE_SOURCE;
				MTL_FAST_MATH = YES;
				ONLY_ACTIVE_ARCH = YES;
				SDKROOT = iphoneos;
				SWIFT_ACTIVE_COMPILATION_CONDITIONS = DEBUG;
				SWIFT_OPTIMIZATION_LEVEL = "-Onone";
			};
			name = Debug;
		};
		00DFEB2725A3F8870067BEAC /* Release */ = {
			isa = XCBuildConfiguration;
			buildSettings = {
				ALWAYS_SEARCH_USER_PATHS = NO;
				CLANG_ANALYZER_NONNULL = YES;
				CLANG_ANALYZER_NUMBER_OBJECT_CONVERSION = YES_AGGRESSIVE;
				CLANG_CXX_LANGUAGE_STANDARD = "gnu++14";
				CLANG_CXX_LIBRARY = "libc++";
				CLANG_ENABLE_MODULES = YES;
				CLANG_ENABLE_OBJC_ARC = YES;
				CLANG_ENABLE_OBJC_WEAK = YES;
				CLANG_WARN_BLOCK_CAPTURE_AUTORELEASING = YES;
				CLANG_WARN_BOOL_CONVERSION = YES;
				CLANG_WARN_COMMA = YES;
				CLANG_WARN_CONSTANT_CONVERSION = YES;
				CLANG_WARN_DEPRECATED_OBJC_IMPLEMENTATIONS = YES;
				CLANG_WARN_DIRECT_OBJC_ISA_USAGE = YES_ERROR;
				CLANG_WARN_DOCUMENTATION_COMMENTS = YES;
				CLANG_WARN_EMPTY_BODY = YES;
				CLANG_WARN_ENUM_CONVERSION = YES;
				CLANG_WARN_INFINITE_RECURSION = YES;
				CLANG_WARN_INT_CONVERSION = YES;
				CLANG_WARN_NON_LITERAL_NULL_CONVERSION = YES;
				CLANG_WARN_OBJC_IMPLICIT_RETAIN_SELF = YES;
				CLANG_WARN_OBJC_LITERAL_CONVERSION = YES;
				CLANG_WARN_OBJC_ROOT_CLASS = YES_ERROR;
				CLANG_WARN_QUOTED_INCLUDE_IN_FRAMEWORK_HEADER = YES;
				CLANG_WARN_RANGE_LOOP_ANALYSIS = YES;
				CLANG_WARN_STRICT_PROTOTYPES = YES;
				CLANG_WARN_SUSPICIOUS_MOVE = YES;
				CLANG_WARN_UNGUARDED_AVAILABILITY = YES_AGGRESSIVE;
				CLANG_WARN_UNREACHABLE_CODE = YES;
				CLANG_WARN__DUPLICATE_METHOD_MATCH = YES;
				COPY_PHASE_STRIP = NO;
				DEBUG_INFORMATION_FORMAT = "dwarf-with-dsym";
				ENABLE_NS_ASSERTIONS = NO;
				ENABLE_STRICT_OBJC_MSGSEND = YES;
				GCC_C_LANGUAGE_STANDARD = gnu11;
				GCC_NO_COMMON_BLOCKS = YES;
				GCC_WARN_64_TO_32_BIT_CONVERSION = YES;
				GCC_WARN_ABOUT_RETURN_TYPE = YES_ERROR;
				GCC_WARN_UNDECLARED_SELECTOR = YES;
				GCC_WARN_UNINITIALIZED_AUTOS = YES_AGGRESSIVE;
				GCC_WARN_UNUSED_FUNCTION = YES;
				GCC_WARN_UNUSED_VARIABLE = YES;
				IPHONEOS_DEPLOYMENT_TARGET = 14.3;
				MTL_ENABLE_DEBUG_INFO = NO;
				MTL_FAST_MATH = YES;
				SDKROOT = iphoneos;
				SWIFT_COMPILATION_MODE = wholemodule;
				SWIFT_OPTIMIZATION_LEVEL = "-O";
				VALIDATE_PRODUCT = YES;
			};
			name = Release;
		};
		00DFEB2925A3F8870067BEAC /* Debug */ = {
			isa = XCBuildConfiguration;
			buildSettings = {
				ASSETCATALOG_COMPILER_APPICON_NAME = AppIcon;
				ASSETCATALOG_COMPILER_GLOBAL_ACCENT_COLOR_NAME = AccentColor;
				CODE_SIGN_STYLE = Automatic;
				INFOPLIST_FILE = Calculator/Info.plist;
				LD_RUNPATH_SEARCH_PATHS = (
					"$(inherited)",
					"@executable_path/Frameworks",
				);
				PRODUCT_BUNDLE_IDENTIFIER = Son.Calculator;
				PRODUCT_NAME = "$(TARGET_NAME)";
				SWIFT_VERSION = 5.0;
				TARGETED_DEVICE_FAMILY = "1,2";
			};
			name = Debug;
		};
		00DFEB2A25A3F8870067BEAC /* Release */ = {
			isa = XCBuildConfiguration;
			buildSettings = {
				ASSETCATALOG_COMPILER_APPICON_NAME = AppIcon;
				ASSETCATALOG_COMPILER_GLOBAL_ACCENT_COLOR_NAME = AccentColor;
				CODE_SIGN_STYLE = Automatic;
				INFOPLIST_FILE = Calculator/Info.plist;
				LD_RUNPATH_SEARCH_PATHS = (
					"$(inherited)",
					"@executable_path/Frameworks",
				);
				PRODUCT_BUNDLE_IDENTIFIER = Son.Calculator;
				PRODUCT_NAME = "$(TARGET_NAME)";
				SWIFT_VERSION = 5.0;
				TARGETED_DEVICE_FAMILY = "1,2";
			};
			name = Release;
		};
		00DFEB2C25A3F8870067BEAC /* Debug */ = {
			isa = XCBuildConfiguration;
			buildSettings = {
				ALWAYS_EMBED_SWIFT_STANDARD_LIBRARIES = YES;
				BUNDLE_LOADER = "$(TEST_HOST)";
				CODE_SIGN_STYLE = Automatic;
				INFOPLIST_FILE = CalculatorTests/Info.plist;
				IPHONEOS_DEPLOYMENT_TARGET = 14.3;
				LD_RUNPATH_SEARCH_PATHS = (
					"$(inherited)",
					"@executable_path/Frameworks",
					"@loader_path/Frameworks",
				);
				PRODUCT_BUNDLE_IDENTIFIER = Son.CalculatorTests;
				PRODUCT_NAME = "$(TARGET_NAME)";
				SWIFT_VERSION = 5.0;
				TARGETED_DEVICE_FAMILY = "1,2";
				TEST_HOST = "$(BUILT_PRODUCTS_DIR)/Calculator.app/Calculator";
			};
			name = Debug;
		};
		00DFEB2D25A3F8870067BEAC /* Release */ = {
			isa = XCBuildConfiguration;
			buildSettings = {
				ALWAYS_EMBED_SWIFT_STANDARD_LIBRARIES = YES;
				BUNDLE_LOADER = "$(TEST_HOST)";
				CODE_SIGN_STYLE = Automatic;
				INFOPLIST_FILE = CalculatorTests/Info.plist;
				IPHONEOS_DEPLOYMENT_TARGET = 14.3;
				LD_RUNPATH_SEARCH_PATHS = (
					"$(inherited)",
					"@executable_path/Frameworks",
					"@loader_path/Frameworks",
				);
				PRODUCT_BUNDLE_IDENTIFIER = Son.CalculatorTests;
				PRODUCT_NAME = "$(TARGET_NAME)";
				SWIFT_VERSION = 5.0;
				TARGETED_DEVICE_FAMILY = "1,2";
				TEST_HOST = "$(BUILT_PRODUCTS_DIR)/Calculator.app/Calculator";
			};
			name = Release;
		};
		00DFEB2F25A3F8870067BEAC /* Debug */ = {
			isa = XCBuildConfiguration;
			buildSettings = {
				ALWAYS_EMBED_SWIFT_STANDARD_LIBRARIES = YES;
				CODE_SIGN_STYLE = Automatic;
				INFOPLIST_FILE = CalculatorUITests/Info.plist;
				LD_RUNPATH_SEARCH_PATHS = (
					"$(inherited)",
					"@executable_path/Frameworks",
					"@loader_path/Frameworks",
				);
				PRODUCT_BUNDLE_IDENTIFIER = Son.CalculatorUITests;
				PRODUCT_NAME = "$(TARGET_NAME)";
				SWIFT_VERSION = 5.0;
				TARGETED_DEVICE_FAMILY = "1,2";
				TEST_TARGET_NAME = Calculator;
			};
			name = Debug;
		};
		00DFEB3025A3F8870067BEAC /* Release */ = {
			isa = XCBuildConfiguration;
			buildSettings = {
				ALWAYS_EMBED_SWIFT_STANDARD_LIBRARIES = YES;
				CODE_SIGN_STYLE = Automatic;
				INFOPLIST_FILE = CalculatorUITests/Info.plist;
				LD_RUNPATH_SEARCH_PATHS = (
					"$(inherited)",
					"@executable_path/Frameworks",
					"@loader_path/Frameworks",
				);
				PRODUCT_BUNDLE_IDENTIFIER = Son.CalculatorUITests;
				PRODUCT_NAME = "$(TARGET_NAME)";
				SWIFT_VERSION = 5.0;
				TARGETED_DEVICE_FAMILY = "1,2";
				TEST_TARGET_NAME = Calculator;
			};
			name = Release;
		};
/* End XCBuildConfiguration section */

/* Begin XCConfigurationList section */
		00DFEAF625A3F8850067BEAC /* Build configuration list for PBXProject "Calculator" */ = {
			isa = XCConfigurationList;
			buildConfigurations = (
				00DFEB2625A3F8870067BEAC /* Debug */,
				00DFEB2725A3F8870067BEAC /* Release */,
			);
			defaultConfigurationIsVisible = 0;
			defaultConfigurationName = Release;
		};
		00DFEB2825A3F8870067BEAC /* Build configuration list for PBXNativeTarget "Calculator" */ = {
			isa = XCConfigurationList;
			buildConfigurations = (
				00DFEB2925A3F8870067BEAC /* Debug */,
				00DFEB2A25A3F8870067BEAC /* Release */,
			);
			defaultConfigurationIsVisible = 0;
			defaultConfigurationName = Release;
		};
		00DFEB2B25A3F8870067BEAC /* Build configuration list for PBXNativeTarget "CalculatorTests" */ = {
			isa = XCConfigurationList;
			buildConfigurations = (
				00DFEB2C25A3F8870067BEAC /* Debug */,
				00DFEB2D25A3F8870067BEAC /* Release */,
			);
			defaultConfigurationIsVisible = 0;
			defaultConfigurationName = Release;
		};
		00DFEB2E25A3F8870067BEAC /* Build configuration list for PBXNativeTarget "CalculatorUITests" */ = {
			isa = XCConfigurationList;
			buildConfigurations = (
				00DFEB2F25A3F8870067BEAC /* Debug */,
				00DFEB3025A3F8870067BEAC /* Release */,
			);
			defaultConfigurationIsVisible = 0;
			defaultConfigurationName = Release;
		};
/* End XCConfigurationList section */

/* Begin XCVersionGroup section */
		00DFEB0725A3F8850067BEAC /* Calculator.xcdatamodeld */ = {
			isa = XCVersionGroup;
			children = (
				00DFEB0825A3F8850067BEAC /* Calculator.xcdatamodel */,
			);
			currentVersion = 00DFEB0825A3F8850067BEAC /* Calculator.xcdatamodel */;
			path = Calculator.xcdatamodeld;
			sourceTree = "<group>";
			versionGroupType = wrapper.xcdatamodel;
		};
/* End XCVersionGroup section */
	};
	rootObject = 00DFEAF325A3F8850067BEAC /* Project object */;
}
